
Microsoft Visual Studio Solution File, Format Version 12.00
# Visual Studio 15
VisualStudioVersion = 15.0.28010.2041
MinimumVisualStudioVersion = 10.0.40219.1
Project("{8BC9CEB8-8B4A-11D0-8D11-00A0C91BC942}") = "TP2", "TP2\TP2.vcxproj", "{96703CEF-DCC2-40E4-9388-B6D9EAE30384}"
EndProject
Global
	GlobalSection(SolutionConfigurationPlatforms) = preSolution
		Debug|x64 = Debug|x64
		Debug|x86 = Debug|x86
		Release|x64 = Release|x64
		Release|x86 = Release|x86
	EndGlobalSection
	GlobalSection(ProjectConfigurationPlatforms) = postSolution
		{96703CEF-DCC2-40E4-9388-B6D9EAE30384}.Debug|x64.ActiveCfg = Debug|x64
		{96703CEF-DCC2-40E4-9388-B6D9EAE30384}.Debug|x64.Build.0 = Debug|x64
		{96703CEF-DCC2-40E4-9388-B6D9EAE30384}.Debug|x86.ActiveCfg = Debug|Win32
		{96703CEF-DCC2-40E4-9388-B6D9EAE30384}.Debug|x86.Build.0 = Debug|Win32
		{96703CEF-DCC2-40E4-9388-B6D9EAE30384}.Release|x64.ActiveCfg = Release|x64
		{96703CEF-DCC2-40E4-9388-B6D9EAE30384}.Release|x64.Build.0 = Release|x64
		{96703CEF-DCC2-40E4-9388-B6D9EAE30384}.Release|x86.ActiveCfg = Release|Win32
		{96703CEF-DCC2-40E4-9388-B6D9EAE30384}.Release|x86.Build.0 = Release|Win32
	EndGlobalSection
	GlobalSection(SolutionProperties) = preSolution
		HideSolutionNode = FALSE
	EndGlobalSection
	GlobalSection(ExtensibilityGlobals) = postSolution
		SolutionGuid = {A5472564-DAEB-4AE2-ACAA-ECC74D9BC07D}
	EndGlobalSection
EndGlobal
